// !$*UTF8*$!
{
	archiveVersion = 1;
	classes = {
	};
	objectVersion = 46;
	objects = {

/* Begin PBXBuildFile section */
		8FF46F2A1EFCEFF500833600 /* main.m in Sources */ = {isa = PBXBuildFile; fileRef = 8FF46F291EFCEFF500833600 /* main.m */; };
		8FF46F2D1EFCEFF500833600 /* AppDelegate.m in Sources */ = {isa = PBXBuildFile; fileRef = 8FF46F2C1EFCEFF500833600 /* AppDelegate.m */; };
		8FF46F301EFCEFF500833600 /* ViewController.m in Sources */ = {isa = PBXBuildFile; fileRef = 8FF46F2F1EFCEFF500833600 /* ViewController.m */; };
		8FF46F331EFCEFF500833600 /* Main.storyboard in Resources */ = {isa = PBXBuildFile; fileRef = 8FF46F311EFCEFF500833600 /* Main.storyboard */; };
		8FF46F351EFCEFF500833600 /* Assets.xcassets in Resources */ = {isa = PBXBuildFile; fileRef = 8FF46F341EFCEFF500833600 /* Assets.xcassets */; };
		8FF46F381EFCEFF500833600 /* LaunchScreen.storyboard in Resources */ = {isa = PBXBuildFile; fileRef = 8FF46F361EFCEFF500833600 /* LaunchScreen.storyboard */; };
		8FF46F431EFCEFF500833600 /* YLVideoPlayerTests.m in Sources */ = {isa = PBXBuildFile; fileRef = 8FF46F421EFCEFF500833600 /* YLVideoPlayerTests.m */; };
		8FF46F4E1EFCEFF500833600 /* YLVideoPlayerUITests.m in Sources */ = {isa = PBXBuildFile; fileRef = 8FF46F4D1EFCEFF500833600 /* YLVideoPlayerUITests.m */; };
		8FF46F601F00B6DD00833600 /* YLPlayerView.m in Sources */ = {isa = PBXBuildFile; fileRef = 8FF46F5F1F00B6DD00833600 /* YLPlayerView.m */; };
		8FF46F691F023DBA00833600 /* YLPlayerMutiplePresenter.m in Sources */ = {isa = PBXBuildFile; fileRef = 8FF46F681F023DBA00833600 /* YLPlayerMutiplePresenter.m */; };
/* End PBXBuildFile section */

/* Begin PBXContainerItemProxy section */
		8FF46F3F1EFCEFF500833600 /* PBXContainerItemProxy */ = {
			isa = PBXContainerItemProxy;
			containerPortal = 8FF46F1D1EFCEFF500833600 /* Project object */;
			proxyType = 1;
			remoteGlobalIDString = 8FF46F241EFCEFF500833600;
			remoteInfo = YLVideoPlayer;
		};
		8FF46F4A1EFCEFF500833600 /* PBXContainerItemProxy */ = {
			isa = PBXContainerItemProxy;
			containerPortal = 8FF46F1D1EFCEFF500833600 /* Project object */;
			proxyType = 1;
			remoteGlobalIDString = 8FF46F241EFCEFF500833600;
			remoteInfo = YLVideoPlayer;
		};
/* End PBXContainerItemProxy section */

/* Begin PBXFileReference section */
		8FF46F251EFCEFF500833600 /* YLVideoPlayer.app */ = {isa = PBXFileReference; explicitFileType = wrapper.application; includeInIndex = 0; path = YLVideoPlayer.app; sourceTree = BUILT_PRODUCTS_DIR; };
		8FF46F291EFCEFF500833600 /* main.m */ = {isa = PBXFileReference; lastKnownFileType = sourcecode.c.objc; path = main.m; sourceTree = "<group>"; };
		8FF46F2B1EFCEFF500833600 /* AppDelegate.h */ = {isa = PBXFileReference; lastKnownFileType = sourcecode.c.h; path = AppDelegate.h; sourceTree = "<group>"; };
		8FF46F2C1EFCEFF500833600 /* AppDelegate.m */ = {isa = PBXFileReference; lastKnownFileType = sourcecode.c.objc; path = AppDelegate.m; sourceTree = "<group>"; };
		8FF46F2E1EFCEFF500833600 /* ViewController.h */ = {isa = PBXFileReference; lastKnownFileType = sourcecode.c.h; path = ViewController.h; sourceTree = "<group>"; };
		8FF46F2F1EFCEFF500833600 /* ViewController.m */ = {isa = PBXFileReference; lastKnownFileType = sourcecode.c.objc; path = ViewController.m; sourceTree = "<group>"; };
		8FF46F321EFCEFF500833600 /* Base */ = {isa = PBXFileReference; lastKnownFileType = file.storyboard; name = Base; path = Base.lproj/Main.storyboard; sourceTree = "<group>"; };
		8FF46F341EFCEFF500833600 /* Assets.xcassets */ = {isa = PBXFileReference; lastKnownFileType = folder.assetcatalog; path = Assets.xcassets; sourceTree = "<group>"; };
		8FF46F371EFCEFF500833600 /* Base */ = {isa = PBXFileReference; lastKnownFileType = file.storyboard; name = Base; path = Base.lproj/LaunchScreen.storyboard; sourceTree = "<group>"; };
		8FF46F391EFCEFF500833600 /* Info.plist */ = {isa = PBXFileReference; lastKnownFileType = text.plist.xml; path = Info.plist; sourceTree = "<group>"; };
		8FF46F3E1EFCEFF500833600 /* YLVideoPlayerTests.xctest */ = {isa = PBXFileReference; explicitFileType = wrapper.cfbundle; includeInIndex = 0; path = YLVideoPlayerTests.xctest; sourceTree = BUILT_PRODUCTS_DIR; };
		8FF46F421EFCEFF500833600 /* YLVideoPlayerTests.m */ = {isa = PBXFileReference; lastKnownFileType = sourcecode.c.objc; path = YLVideoPlayerTests.m; sourceTree = "<group>"; };
		8FF46F441EFCEFF500833600 /* Info.plist */ = {isa = PBXFileReference; lastKnownFileType = text.plist.xml; path = Info.plist; sourceTree = "<group>"; };
		8FF46F491EFCEFF500833600 /* YLVideoPlayerUITests.xctest */ = {isa = PBXFileReference; explicitFileType = wrapper.cfbundle; includeInIndex = 0; path = YLVideoPlayerUITests.xctest; sourceTree = BUILT_PRODUCTS_DIR; };
		8FF46F4D1EFCEFF500833600 /* YLVideoPlayerUITests.m */ = {isa = PBXFileReference; lastKnownFileType = sourcecode.c.objc; path = YLVideoPlayerUITests.m; sourceTree = "<group>"; };
		8FF46F4F1EFCEFF500833600 /* Info.plist */ = {isa = PBXFileReference; lastKnownFileType = text.plist.xml; path = Info.plist; sourceTree = "<group>"; };
		8FF46F5E1F00B6DD00833600 /* YLPlayerView.h */ = {isa = PBXFileReference; fileEncoding = 4; lastKnownFileType = sourcecode.c.h; path = YLPlayerView.h; sourceTree = "<group>"; };
		8FF46F5F1F00B6DD00833600 /* YLPlayerView.m */ = {isa = PBXFileReference; fileEncoding = 4; lastKnownFileType = sourcecode.c.objc; path = YLPlayerView.m; sourceTree = "<group>"; };
		8FF46F671F023DBA00833600 /* YLPlayerMutiplePresenter.h */ = {isa = PBXFileReference; fileEncoding = 4; lastKnownFileType = sourcecode.c.h; path = YLPlayerMutiplePresenter.h; sourceTree = "<group>"; };
		8FF46F681F023DBA00833600 /* YLPlayerMutiplePresenter.m */ = {isa = PBXFileReference; fileEncoding = 4; lastKnownFileType = sourcecode.c.objc; path = YLPlayerMutiplePresenter.m; sourceTree = "<group>"; };
		8FF46F6A1F023F1100833600 /* YLVideoPlayerDefinitions.h */ = {isa = PBXFileReference; lastKnownFileType = sourcecode.c.h; path = YLVideoPlayerDefinitions.h; sourceTree = "<group>"; };
/* End PBXFileReference section */

/* Begin PBXFrameworksBuildPhase section */
		8FF46F221EFCEFF500833600 /* Frameworks */ = {
			isa = PBXFrameworksBuildPhase;
			buildActionMask = 2147483647;
			files = (
			);
			runOnlyForDeploymentPostprocessing = 0;
		};
		8FF46F3B1EFCEFF500833600 /* Frameworks */ = {
			isa = PBXFrameworksBuildPhase;
			buildActionMask = 2147483647;
			files = (
			);
			runOnlyForDeploymentPostprocessing = 0;
		};
		8FF46F461EFCEFF500833600 /* Frameworks */ = {
			isa = PBXFrameworksBuildPhase;
			buildActionMask = 2147483647;
			files = (
			);
			runOnlyForDeploymentPostprocessing = 0;
		};
/* End PBXFrameworksBuildPhase section */

/* Begin PBXGroup section */
		8FF46F1C1EFCEFF500833600 = {
			isa = PBXGroup;
			children = (
				8FF46F271EFCEFF500833600 /* YLVideoPlayer */,
				8FF46F411EFCEFF500833600 /* YLVideoPlayerTests */,
				8FF46F4C1EFCEFF500833600 /* YLVideoPlayerUITests */,
				8FF46F261EFCEFF500833600 /* Products */,
			);
			sourceTree = "<group>";
		};
		8FF46F261EFCEFF500833600 /* Products */ = {
			isa = PBXGroup;
			children = (
				8FF46F251EFCEFF500833600 /* YLVideoPlayer.app */,
				8FF46F3E1EFCEFF500833600 /* YLVideoPlayerTests.xctest */,
				8FF46F491EFCEFF500833600 /* YLVideoPlayerUITests.xctest */,
			);
			name = Products;
			sourceTree = "<group>";
		};
		8FF46F271EFCEFF500833600 /* YLVideoPlayer */ = {
			isa = PBXGroup;
			children = (
				8FF46F2B1EFCEFF500833600 /* AppDelegate.h */,
				8FF46F2C1EFCEFF500833600 /* AppDelegate.m */,
				8FF46F2E1EFCEFF500833600 /* ViewController.h */,
				8FF46F2F1EFCEFF500833600 /* ViewController.m */,
				8FF46F5E1F00B6DD00833600 /* YLPlayerView.h */,
				8FF46F5F1F00B6DD00833600 /* YLPlayerView.m */,
				8FF46F671F023DBA00833600 /* YLPlayerMutiplePresenter.h */,
				8FF46F681F023DBA00833600 /* YLPlayerMutiplePresenter.m */,
				8FF46F6A1F023F1100833600 /* YLVideoPlayerDefinitions.h */,
				8FF46F311EFCEFF500833600 /* Main.storyboard */,
				8FF46F341EFCEFF500833600 /* Assets.xcassets */,
				8FF46F361EFCEFF500833600 /* LaunchScreen.storyboard */,
				8FF46F391EFCEFF500833600 /* Info.plist */,
				8FF46F281EFCEFF500833600 /* Supporting Files */,
			);
			path = YLVideoPlayer;
			sourceTree = "<group>";
		};
		8FF46F281EFCEFF500833600 /* Supporting Files */ = {
			isa = PBXGroup;
			children = (
				8FF46F291EFCEFF500833600 /* main.m */,
			);
			name = "Supporting Files";
			sourceTree = "<group>";
		};
		8FF46F411EFCEFF500833600 /* YLVideoPlayerTests */ = {
			isa = PBXGroup;
			children = (
				8FF46F421EFCEFF500833600 /* YLVideoPlayerTests.m */,
				8FF46F441EFCEFF500833600 /* Info.plist */,
			);
			path = YLVideoPlayerTests;
			sourceTree = "<group>";
		};
		8FF46F4C1EFCEFF500833600 /* YLVideoPlayerUITests */ = {
			isa = PBXGroup;
			children = (
				8FF46F4D1EFCEFF500833600 /* YLVideoPlayerUITests.m */,
				8FF46F4F1EFCEFF500833600 /* Info.plist */,
			);
			path = YLVideoPlayerUITests;
			sourceTree = "<group>";
		};
/* End PBXGroup section */

/* Begin PBXNativeTarget section */
		8FF46F241EFCEFF500833600 /* YLVideoPlayer */ = {
			isa = PBXNativeTarget;
			buildConfigurationList = 8FF46F521EFCEFF500833600 /* Build configuration list for PBXNativeTarget "YLVideoPlayer" */;
			buildPhases = (
				8FF46F211EFCEFF500833600 /* Sources */,
				8FF46F221EFCEFF500833600 /* Frameworks */,
				8FF46F231EFCEFF500833600 /* Resources */,
			);
			buildRules = (
			);
			dependencies = (
			);
			name = YLVideoPlayer;
			productName = YLVideoPlayer;
			productReference = 8FF46F251EFCEFF500833600 /* YLVideoPlayer.app */;
			productType = "com.apple.product-type.application";
		};
		8FF46F3D1EFCEFF500833600 /* YLVideoPlayerTests */ = {
			isa = PBXNativeTarget;
			buildConfigurationList = 8FF46F551EFCEFF500833600 /* Build configuration list for PBXNativeTarget "YLVideoPlayerTests" */;
			buildPhases = (
				8FF46F3A1EFCEFF500833600 /* Sources */,
				8FF46F3B1EFCEFF500833600 /* Frameworks */,
				8FF46F3C1EFCEFF500833600 /* Resources */,
			);
			buildRules = (
			);
			dependencies = (
				8FF46F401EFCEFF500833600 /* PBXTargetDependency */,
			);
			name = YLVideoPlayerTests;
			productName = YLVideoPlayerTests;
			productReference = 8FF46F3E1EFCEFF500833600 /* YLVideoPlayerTests.xctest */;
			productType = "com.apple.product-type.bundle.unit-test";
		};
		8FF46F481EFCEFF500833600 /* YLVideoPlayerUITests */ = {
			isa = PBXNativeTarget;
			buildConfigurationList = 8FF46F581EFCEFF500833600 /* Build configuration list for PBXNativeTarget "YLVideoPlayerUITests" */;
			buildPhases = (
				8FF46F451EFCEFF500833600 /* Sources */,
				8FF46F461EFCEFF500833600 /* Frameworks */,
				8FF46F471EFCEFF500833600 /* Resources */,
			);
			buildRules = (
			);
			dependencies = (
				8FF46F4B1EFCEFF500833600 /* PBXTargetDependency */,
			);
			name = YLVideoPlayerUITests;
			productName = YLVideoPlayerUITests;
			productReference = 8FF46F491EFCEFF500833600 /* YLVideoPlayerUITests.xctest */;
			productType = "com.apple.product-type.bundle.ui-testing";
		};
/* End PBXNativeTarget section */

/* Begin PBXProject section */
		8FF46F1D1EFCEFF500833600 /* Project object */ = {
			isa = PBXProject;
			attributes = {
				LastUpgradeCheck = 0830;
				ORGANIZATIONNAME = yangli;
				TargetAttributes = {
					8FF46F241EFCEFF500833600 = {
						CreatedOnToolsVersion = 8.3.3;
						DevelopmentTeam = DW37L9ATXF;
						ProvisioningStyle = Automatic;
					};
					8FF46F3D1EFCEFF500833600 = {
						CreatedOnToolsVersion = 8.3.3;
						DevelopmentTeam = DW37L9ATXF;
						ProvisioningStyle = Automatic;
						TestTargetID = 8FF46F241EFCEFF500833600;
					};
					8FF46F481EFCEFF500833600 = {
						CreatedOnToolsVersion = 8.3.3;
						DevelopmentTeam = DW37L9ATXF;
						ProvisioningStyle = Automatic;
						TestTargetID = 8FF46F241EFCEFF500833600;
					};
				};
			};
			buildConfigurationList = 8FF46F201EFCEFF500833600 /* Build configuration list for PBXProject "YLVideoPlayer" */;
			compatibilityVersion = "Xcode 3.2";
			developmentRegion = English;
			hasScannedForEncodings = 0;
			knownRegions = (
				en,
				Base,
			);
			mainGroup = 8FF46F1C1EFCEFF500833600;
			productRefGroup = 8FF46F261EFCEFF500833600 /* Products */;
			projectDirPath = "";
			projectRoot = "";
			targets = (
				8FF46F241EFCEFF500833600 /* YLVideoPlayer */,
				8FF46F3D1EFCEFF500833600 /* YLVideoPlayerTests */,
				8FF46F481EFCEFF500833600 /* YLVideoPlayerUITests */,
			);
		};
/* End PBXProject section */

/* Begin PBXResourcesBuildPhase section */
		8FF46F231EFCEFF500833600 /* Resources */ = {
			isa = PBXResourcesBuildPhase;
			buildActionMask = 2147483647;
			files = (
				8FF46F381EFCEFF500833600 /* LaunchScreen.storyboard in Resources */,
				8FF46F351EFCEFF500833600 /* Assets.xcassets in Resources */,
				8FF46F331EFCEFF500833600 /* Main.storyboard in Resources */,
			);
			runOnlyForDeploymentPostprocessing = 0;
		};
		8FF46F3C1EFCEFF500833600 /* Resources */ = {
			isa = PBXResourcesBuildPhase;
			buildActionMask = 2147483647;
			files = (
			);
			runOnlyForDeploymentPostprocessing = 0;
		};
		8FF46F471EFCEFF500833600 /* Resources */ = {
			isa = PBXResourcesBuildPhase;
			buildActionMask = 2147483647;
			files = (
			);
			runOnlyForDeploymentPostprocessing = 0;
		};
/* End PBXResourcesBuildPhase section */

/* Begin PBXSourcesBuildPhase section */
		8FF46F211EFCEFF500833600 /* Sources */ = {
			isa = PBXSourcesBuildPhase;
			buildActionMask = 2147483647;
			files = (
				8FF46F301EFCEFF500833600 /* ViewController.m in Sources */,
				8FF46F2D1EFCEFF500833600 /* AppDelegate.m in Sources */,
				8FF46F691F023DBA00833600 /* YLPlayerMutiplePresenter.m in Sources */,
				8FF46F601F00B6DD00833600 /* YLPlayerView.m in Sources */,
				8FF46F2A1EFCEFF500833600 /* main.m in Sources */,
			);
			runOnlyForDeploymentPostprocessing = 0;
		};
		8FF46F3A1EFCEFF500833600 /* Sources */ = {
			isa = PBXSourcesBuildPhase;
			buildActionMask = 2147483647;
			files = (
				8FF46F431EFCEFF500833600 /* YLVideoPlayerTests.m in Sources */,
			);
			runOnlyForDeploymentPostprocessing = 0;
		};
		8FF46F451EFCEFF500833600 /* Sources */ = {
			isa = PBXSourcesBuildPhase;
			buildActionMask = 2147483647;
			files = (
				8FF46F4E1EFCEFF500833600 /* YLVideoPlayerUITests.m in Sources */,
			);
			runOnlyForDeploymentPostprocessing = 0;
		};
/* End PBXSourcesBuildPhase section */

/* Begin PBXTargetDependency section */
		8FF46F401EFCEFF500833600 /* PBXTargetDependency */ = {
			isa = PBXTargetDependency;
			target = 8FF46F241EFCEFF500833600 /* YLVideoPlayer */;
			targetProxy = 8FF46F3F1EFCEFF500833600 /* PBXContainerItemProxy */;
		};
		8FF46F4B1EFCEFF500833600 /* PBXTargetDependency */ = {
			isa = PBXTargetDependency;
			target = 8FF46F241EFCEFF500833600 /* YLVideoPlayer */;
			targetProxy = 8FF46F4A1EFCEFF500833600 /* PBXContainerItemProxy */;
		};
/* End PBXTargetDependency section */

/* Begin PBXVariantGroup section */
		8FF46F311EFCEFF500833600 /* Main.storyboard */ = {
			isa = PBXVariantGroup;
			children = (
				8FF46F321EFCEFF500833600 /* Base */,
			);
			name = Main.storyboard;
			sourceTree = "<group>";
		};
		8FF46F361EFCEFF500833600 /* LaunchScreen.storyboard */ = {
			isa = PBXVariantGroup;
			children = (
				8FF46F371EFCEFF500833600 /* Base */,
			);
			name = LaunchScreen.storyboard;
			sourceTree = "<group>";
		};
/* End PBXVariantGroup section */

/* Begin XCBuildConfiguration section */
		8FF46F501EFCEFF500833600 /* Debug */ = {
			isa = XCBuildConfiguration;
			buildSettings = {
				ALWAYS_SEARCH_USER_PATHS = NO;
				CLANG_ANALYZER_NONNULL = YES;
				CLANG_ANALYZER_NUMBER_OBJECT_CONVERSION = YES_AGGRESSIVE;
				CLANG_CXX_LANGUAGE_STANDARD = "gnu++0x";
				CLANG_CXX_LIBRARY = "libc++";
				CLANG_ENABLE_MODULES = YES;
				CLANG_ENABLE_OBJC_ARC = YES;
				CLANG_WARN_BOOL_CONVERSION = YES;
				CLANG_WARN_CONSTANT_CONVERSION = YES;
				CLANG_WARN_DIRECT_OBJC_ISA_USAGE = YES_ERROR;
				CLANG_WARN_DOCUMENTATION_COMMENTS = YES;
				CLANG_WARN_EMPTY_BODY = YES;
				CLANG_WARN_ENUM_CONVERSION = YES;
				CLANG_WARN_INFINITE_RECURSION = YES;
				CLANG_WARN_INT_CONVERSION = YES;
				CLANG_WARN_OBJC_ROOT_CLASS = YES_ERROR;
				CLANG_WARN_SUSPICIOUS_MOVE = YES;
				CLANG_WARN_UNREACHABLE_CODE = YES;
				CLANG_WARN__DUPLICATE_METHOD_MATCH = YES;
				"CODE_SIGN_IDENTITY[sdk=iphoneos*]" = "iPhone Developer";
				COPY_PHASE_STRIP = NO;
				DEBUG_INFORMATION_FORMAT = dwarf;
				ENABLE_STRICT_OBJC_MSGSEND = YES;
				ENABLE_TESTABILITY = YES;
				GCC_C_LANGUAGE_STANDARD = gnu99;
				GCC_DYNAMIC_NO_PIC = NO;
				GCC_NO_COMMON_BLOCKS = YES;
				GCC_OPTIMIZATION_LEVEL = 0;
				GCC_PREPROCESSOR_DEFINITIONS = (
					"DEBUG=1",
					"$(inherited)",
				);
				GCC_WARN_64_TO_32_BIT_CONVERSION = YES;
				GCC_WARN_ABOUT_RETURN_TYPE = YES_ERROR;
				GCC_WARN_UNDECLARED_SELECTOR = YES;
				GCC_WARN_UNINITIALIZED_AUTOS = YES_AGGRESSIVE;
				GCC_WARN_UNUSED_FUNCTION = YES;
				GCC_WARN_UNUSED_VARIABLE = YES;
				IPHONEOS_DEPLOYMENT_TARGET = 10.3;
				MTL_ENABLE_DEBUG_INFO = YES;
				ONLY_ACTIVE_ARCH = YES;
				SDKROOT = iphoneos;
				TARGETED_DEVICE_FAMILY = "1,2";
			};
			name = Debug;
		};
		8FF46F511EFCEFF500833600 /* Release */ = {
			isa = XCBuildConfiguration;
			buildSettings = {
				ALWAYS_SEARCH_USER_PATHS = NO;
				CLANG_ANALYZER_NONNULL = YES;
				CLANG_ANALYZER_NUMBER_OBJECT_CONVERSION = YES_AGGRESSIVE;
				CLANG_CXX_LANGUAGE_STANDARD = "gnu++0x";
				CLANG_CXX_LIBRARY = "libc++";
				CLANG_ENABLE_MODULES = YES;
				CLANG_ENABLE_OBJC_ARC = YES;
				CLANG_WARN_BOOL_CONVERSION = YES;
				CLANG_WARN_CONSTANT_CONVERSION = YES;
				CLANG_WARN_DIRECT_OBJC_ISA_USAGE = YES_ERROR;
				CLANG_WARN_DOCUMENTATION_COMMENTS = YES;
				CLANG_WARN_EMPTY_BODY = YES;
				CLANG_WARN_ENUM_CONVERSION = YES;
				CLANG_WARN_INFINITE_RECURSION = YES;
				CLANG_WARN_INT_CONVERSION = YES;
				CLANG_WARN_OBJC_ROOT_CLASS = YES_ERROR;
				CLANG_WARN_SUSPICIOUS_MOVE = YES;
				CLANG_WARN_UNREACHABLE_CODE = YES;
				CLANG_WARN__DUPLICATE_METHOD_MATCH = YES;
				"CODE_SIGN_IDENTITY[sdk=iphoneos*]" = "iPhone Developer";
				COPY_PHASE_STRIP = NO;
				DEBUG_INFORMATION_FORMAT = "dwarf-with-dsym";
				ENABLE_NS_ASSERTIONS = NO;
				ENABLE_STRICT_OBJC_MSGSEND = YES;
				GCC_C_LANGUAGE_STANDARD = gnu99;
				GCC_NO_COMMON_BLOCKS = YES;
				GCC_WARN_64_TO_32_BIT_CONVERSION = YES;
				GCC_WARN_ABOUT_RETURN_TYPE = YES_ERROR;
				GCC_WARN_UNDECLARED_SELECTOR = YES;
				GCC_WARN_UNINITIALIZED_AUTOS = YES_AGGRESSIVE;
				GCC_WARN_UNUSED_FUNCTION = YES;
				GCC_WARN_UNUSED_VARIABLE = YES;
				IPHONEOS_DEPLOYMENT_TARGET = 10.3;
				MTL_ENABLE_DEBUG_INFO = NO;
				SDKROOT = iphoneos;
				TARGETED_DEVICE_FAMILY = "1,2";
				VALIDATE_PRODUCT = YES;
			};
			name = Release;
		};
		8FF46F531EFCEFF500833600 /* Debug */ = {
			isa = XCBuildConfiguration;
			buildSettings = {
				ASSETCATALOG_COMPILER_APPICON_NAME = AppIcon;
				DEVELOPMENT_TEAM = DW37L9ATXF;
				INFOPLIST_FILE = YLVideoPlayer/Info.plist;
				LD_RUNPATH_SEARCH_PATHS = "$(inherited) @executable_path/Frameworks";
				PRODUCT_BUNDLE_IDENTIFIER = sohu.YLVideoPlayer;
				PRODUCT_NAME = "$(TARGET_NAME)";
			};
			name = Debug;
		};
		8FF46F541EFCEFF500833600 /* Release */ = {
			isa = XCBuildConfiguration;
			buildSettings = {
				ASSETCATALOG_COMPILER_APPICON_NAME = AppIcon;
				DEVELOPMENT_TEAM = DW37L9ATXF;
				INFOPLIST_FILE = YLVideoPlayer/Info.plist;
				LD_RUNPATH_SEARCH_PATHS = "$(inherited) @executable_path/Frameworks";
				PRODUCT_BUNDLE_IDENTIFIER = sohu.YLVideoPlayer;
				PRODUCT_NAME = "$(TARGET_NAME)";
			};
			name = Release;
		};
		8FF46F561EFCEFF500833600 /* Debug */ = {
			isa = XCBuildConfiguration;
			buildSettings = {
				BUNDLE_LOADER = "$(TEST_HOST)";
				DEVELOPMENT_TEAM = DW37L9ATXF;
				INFOPLIST_FILE = YLVideoPlayerTests/Info.plist;
				LD_RUNPATH_SEARCH_PATHS = "$(inherited) @executable_path/Frameworks @loader_path/Frameworks";
				PRODUCT_BUNDLE_IDENTIFIER = sohu.YLVideoPlayerTests;
				PRODUCT_NAME = "$(TARGET_NAME)";
				TEST_HOST = "$(BUILT_PRODUCTS_DIR)/YLVideoPlayer.app/YLVideoPlayer";
			};
			name = Debug;
		};
		8FF46F571EFCEFF500833600 /* Release */ = {
			isa = XCBuildConfiguration;
			buildSettings = {
				BUNDLE_LOADER = "$(TEST_HOST)";
				DEVELOPMENT_TEAM = DW37L9ATXF;
				INFOPLIST_FILE = YLVideoPlayerTests/Info.plist;
				LD_RUNPATH_SEARCH_PATHS = "$(inherited) @executable_path/Frameworks @loader_path/Frameworks";
				PRODUCT_BUNDLE_IDENTIFIER = sohu.YLVideoPlayerTests;
				PRODUCT_NAME = "$(TARGET_NAME)";
				TEST_HOST = "$(BUILT_PRODUCTS_DIR)/YLVideoPlayer.app/YLVideoPlayer";
			};
			name = Release;
		};
		8FF46F591EFCEFF500833600 /* Debug */ = {
			isa = XCBuildConfiguration;
			buildSettings = {
				DEVELOPMENT_TEAM = DW37L9ATXF;
				INFOPLIST_FILE = YLVideoPlayerUITests/Info.plist;
				LD_RUNPATH_SEARCH_PATHS = "$(inherited) @executable_path/Frameworks @loader_path/Frameworks";
				PRODUCT_BUNDLE_IDENTIFIER = sohu.YLVideoPlayerUITests;
				PRODUCT_NAME = "$(TARGET_NAME)";
				TEST_TARGET_NAME = YLVideoPlayer;
			};
			name = Debug;
		};
		8FF46F5A1EFCEFF500833600 /* Release */ = {
			isa = XCBuildConfiguration;
			buildSettings = {
				DEVELOPMENT_TEAM = DW37L9ATXF;
				INFOPLIST_FILE = YLVideoPlayerUITests/Info.plist;
				LD_RUNPATH_SEARCH_PATHS = "$(inherited) @executable_path/Frameworks @loader_path/Frameworks";
				PRODUCT_BUNDLE_IDENTIFIER = sohu.YLVideoPlayerUITests;
				PRODUCT_NAME = "$(TARGET_NAME)";
				TEST_TARGET_NAME = YLVideoPlayer;
			};
			name = Release;
		};
/* End XCBuildConfiguration section */

/* Begin XCConfigurationList section */
		8FF46F201EFCEFF500833600 /* Build configuration list for PBXProject "YLVideoPlayer" */ = {
			isa = XCConfigurationList;
			buildConfigurations = (
				8FF46F501EFCEFF500833600 /* Debug */,
				8FF46F511EFCEFF500833600 /* Release */,
			);
			defaultConfigurationIsVisible = 0;
			defaultConfigurationName = Release;
		};
		8FF46F521EFCEFF500833600 /* Build configuration list for PBXNativeTarget "YLVideoPlayer" */ = {
			isa = XCConfigurationList;
			buildConfigurations = (
				8FF46F531EFCEFF500833600 /* Debug */,
				8FF46F541EFCEFF500833600 /* Release */,
			);
			defaultConfigurationIsVisible = 0;
		};
		8FF46F551EFCEFF500833600 /* Build configuration list for PBXNativeTarget "YLVideoPlayerTests" */ = {
			isa = XCConfigurationList;
			buildConfigurations = (
				8FF46F561EFCEFF500833600 /* Debug */,
				8FF46F571EFCEFF500833600 /* Release */,
			);
			defaultConfigurationIsVisible = 0;
		};
		8FF46F581EFCEFF500833600 /* Build configuration list for PBXNativeTarget "YLVideoPlayerUITests" */ = {
			isa = XCConfigurationList;
			buildConfigurations = (
				8FF46F591EFCEFF500833600 /* Debug */,
				8FF46F5A1EFCEFF500833600 /* Release */,
			);
			defaultConfigurationIsVisible = 0;
		};
/* End XCConfigurationList section */
	};
	rootObject = 8FF46F1D1EFCEFF500833600 /* Project object */;
}
